
Microsoft Visual Studio Solution File, Format Version 12.00
# Visual Studio Version 17
VisualStudioVersion = 17.14.36221.1
MinimumVisualStudioVersion = 10.0.40219.1
Project("{FAE04EC0-301F-11D3-BF4B-00C04F79EFBC}") = "CarShell", "CarShell\CarShell.csproj", "{2795B003-EF80-4CEF-9A02-21B070B67958}"
EndProject
Project("{FAE04EC0-301F-11D3-BF4B-00C04F79EFBC}") = "Updater", "Updater\Updater.csproj", "{ED343F03-4390-3BCA-479A-106C6AB7F588}"
EndProject
Global
	GlobalSection(SolutionConfigurationPlatforms) = preSolution
		Debug|Any CPU = Debug|Any CPU
		Release|Any CPU = Release|Any CPU
	EndGlobalSection
	GlobalSection(ProjectConfigurationPlatforms) = postSolution
		{2795B003-EF80-4CEF-9A02-21B070B67958}.Debug|Any CPU.ActiveCfg = Debug|Any CPU
		{2795B003-EF80-4CEF-9A02-21B070B67958}.Debug|Any CPU.Build.0 = Debug|Any CPU
		{2795B003-EF80-4CEF-9A02-21B070B67958}.Release|Any CPU.ActiveCfg = Release|Any CPU
		{2795B003-EF80-4CEF-9A02-21B070B67958}.Release|Any CPU.Build.0 = Release|Any CPU
		{ED343F03-4390-3BCA-479A-106C6AB7F588}.Debug|Any CPU.ActiveCfg = Debug|Any CPU
		{ED343F03-4390-3BCA-479A-106C6AB7F588}.Debug|Any CPU.Build.0 = Debug|Any CPU
		{ED343F03-4390-3BCA-479A-106C6AB7F588}.Release|Any CPU.ActiveCfg = Release|Any CPU
		{ED343F03-4390-3BCA-479A-106C6AB7F588}.Release|Any CPU.Build.0 = Release|Any CPU
	EndGlobalSection
	GlobalSection(SolutionProperties) = preSolution
		HideSolutionNode = FALSE
	EndGlobalSection
	GlobalSection(ExtensibilityGlobals) = postSolution
		SolutionGuid = {977D0036-A22E-43CE-B63D-FAE0D3F74792}
	EndGlobalSection
EndGlobal
